
Microsoft Visual Studio Solution File, Format Version 12.00
# Visual Studio Version 17
VisualStudioVersion = 17.0.32112.339
MinimumVisualStudioVersion = 10.0.40219.1
Project("{8BC9CEB8-8B4A-11D0-8D11-00A0C91BC942}") = "Project69", "Project69\Project69.vcxproj", "{4AA37D3D-EA78-470A-86F9-217982729B05}"
EndProject
Global
	GlobalSection(SolutionConfigurationPlatforms) = preSolution
		Debug|x64 = Debug|x64
		Debug|x86 = Debug|x86
		Release|x64 = Release|x64
		Release|x86 = Release|x86
	EndGlobalSection
	GlobalSection(ProjectConfigurationPlatforms) = postSolution
		{4AA37D3D-EA78-470A-86F9-217982729B05}.Debug|x64.ActiveCfg = Debug|x64
		{4AA37D3D-EA78-470A-86F9-217982729B05}.Debug|x64.Build.0 = Debug|x64
		{4AA37D3D-EA78-470A-86F9-217982729B05}.Debug|x86.ActiveCfg = Debug|Win32
		{4AA37D3D-EA78-470A-86F9-217982729B05}.Debug|x86.Build.0 = Debug|Win32
		{4AA37D3D-EA78-470A-86F9-217982729B05}.Release|x64.ActiveCfg = Release|x64
		{4AA37D3D-EA78-470A-86F9-217982729B05}.Release|x64.Build.0 = Release|x64
		{4AA37D3D-EA78-470A-86F9-217982729B05}.Release|x86.ActiveCfg = Release|Win32
		{4AA37D3D-EA78-470A-86F9-217982729B05}.Release|x86.Build.0 = Release|Win32
	EndGlobalSection
	GlobalSection(SolutionProperties) = preSolution
		HideSolutionNode = FALSE
	EndGlobalSection
	GlobalSection(ExtensibilityGlobals) = postSolution
		SolutionGuid = {67BE96DD-6083-44E3-9D34-0FAE40F9279D}
	EndGlobalSection
EndGlobal
